
Microsoft Visual Studio Solution File, Format Version 12.00
# Visual Studio Version 16
VisualStudioVersion = 16.0.33328.57
MinimumVisualStudioVersion = 10.0.40219.1
Project("{FAE04EC0-301F-11D3-BF4B-00C04F79EFBC}") = "GangDispatch", "GangDispatch\GangDispatch.csproj", "{677C6695-5A53-4F95-8059-198FF25374DA}"
EndProject
Global
	GlobalSection(SolutionConfigurationPlatforms) = preSolution
		Debug|Any CPU = Debug|Any CPU
		Release|Any CPU = Release|Any CPU
	EndGlobalSection
	GlobalSection(ProjectConfigurationPlatforms) = postSolution
		{677C6695-5A53-4F95-8059-198FF25374DA}.Debug|Any CPU.ActiveCfg = Debug|Any CPU
		{677C6695-5A53-4F95-8059-198FF25374DA}.Debug|Any CPU.Build.0 = Debug|Any CPU
		{677C6695-5A53-4F95-8059-198FF25374DA}.Release|Any CPU.ActiveCfg = Release|Any CPU
		{677C6695-5A53-4F95-8059-198FF25374DA}.Release|Any CPU.Build.0 = Release|Any CPU
	EndGlobalSection
	GlobalSection(SolutionProperties) = preSolution
		HideSolutionNode = FALSE
	EndGlobalSection
	GlobalSection(ExtensibilityGlobals) = postSolution
		SolutionGuid = {7C2F158D-4AAB-4911-99EC-3257F6617245}
	EndGlobalSection
EndGlobal
